
Microsoft Visual Studio Solution File, Format Version 12.00
Project("{FAE04EC0-301F-11D3-BF4B-00C04F79EFBC}") = "Idem_01", "Idem_01\Idem_01.csproj", "{61CD79F0-A95F-4F0B-88A2-E85B8906F7E2}"
EndProject
Global
	GlobalSection(SolutionConfigurationPlatforms) = preSolution
		Debug|Any CPU = Debug|Any CPU
		Release|Any CPU = Release|Any CPU
	EndGlobalSection
	GlobalSection(ProjectConfigurationPlatforms) = postSolution
		{61CD79F0-A95F-4F0B-88A2-E85B8906F7E2}.Debug|Any CPU.ActiveCfg = Debug|Any CPU
		{61CD79F0-A95F-4F0B-88A2-E85B8906F7E2}.Debug|Any CPU.Build.0 = Debug|Any CPU
		{61CD79F0-A95F-4F0B-88A2-E85B8906F7E2}.Release|Any CPU.ActiveCfg = Release|Any CPU
		{61CD79F0-A95F-4F0B-88A2-E85B8906F7E2}.Release|Any CPU.Build.0 = Release|Any CPU
	EndGlobalSection
EndGlobal
